// !$*UTF8*$!
{
	archiveVersion = 1;
	classes = {
	};
	objectVersion = 46;
	objects = {

/* Begin PBXBuildFile section */
		82185D281947F579000074F2 /* Foundation.framework in Frameworks */ = {isa = PBXBuildFile; fileRef = 82185D271947F579000074F2 /* Foundation.framework */; };
		82185D2A1947F579000074F2 /* CoreGraphics.framework in Frameworks */ = {isa = PBXBuildFile; fileRef = 82185D291947F579000074F2 /* CoreGraphics.framework */; };
		82185D2C1947F579000074F2 /* UIKit.framework in Frameworks */ = {isa = PBXBuildFile; fileRef = 82185D2B1947F579000074F2 /* UIKit.framework */; };
		82185D2E1947F579000074F2 /* SpriteKit.framework in Frameworks */ = {isa = PBXBuildFile; fileRef = 82185D2D1947F579000074F2 /* SpriteKit.framework */; };
		82185D341947F579000074F2 /* InfoPlist.strings in Resources */ = {isa = PBXBuildFile; fileRef = 82185D321947F579000074F2 /* InfoPlist.strings */; };
		82185D361947F579000074F2 /* main.m in Sources */ = {isa = PBXBuildFile; fileRef = 82185D351947F579000074F2 /* main.m */; };
		82185D3A1947F579000074F2 /* AppDelegate.m in Sources */ = {isa = PBXBuildFile; fileRef = 82185D391947F579000074F2 /* AppDelegate.m */; };
		82185D3D1947F579000074F2 /* Main_iPhone.storyboard in Resources */ = {isa = PBXBuildFile; fileRef = 82185D3B1947F579000074F2 /* Main_iPhone.storyboard */; };
		82185D401947F579000074F2 /* Main_iPad.storyboard in Resources */ = {isa = PBXBuildFile; fileRef = 82185D3E1947F579000074F2 /* Main_iPad.storyboard */; };
		82185D431947F579000074F2 /* ViewController.m in Sources */ = {isa = PBXBuildFile; fileRef = 82185D421947F579000074F2 /* ViewController.m */; };
		82185D461947F579000074F2 /* MyScene.m in Sources */ = {isa = PBXBuildFile; fileRef = 82185D451947F579000074F2 /* MyScene.m */; };
		82185D481947F579000074F2 /* Spaceship.png in Resources */ = {isa = PBXBuildFile; fileRef = 82185D471947F579000074F2 /* Spaceship.png */; };
		82185D4A1947F579000074F2 /* Images.xcassets in Resources */ = {isa = PBXBuildFile; fileRef = 82185D491947F579000074F2 /* Images.xcassets */; };
		82185D511947F579000074F2 /* XCTest.framework in Frameworks */ = {isa = PBXBuildFile; fileRef = 82185D501947F579000074F2 /* XCTest.framework */; };
		82185D521947F579000074F2 /* Foundation.framework in Frameworks */ = {isa = PBXBuildFile; fileRef = 82185D271947F579000074F2 /* Foundation.framework */; };
		82185D531947F579000074F2 /* UIKit.framework in Frameworks */ = {isa = PBXBuildFile; fileRef = 82185D2B1947F579000074F2 /* UIKit.framework */; };
		82185D5B1947F579000074F2 /* InfoPlist.strings in Resources */ = {isa = PBXBuildFile; fileRef = 82185D591947F579000074F2 /* InfoPlist.strings */; };
		82185D5D1947F579000074F2 /* TestAppTests.m in Sources */ = {isa = PBXBuildFile; fileRef = 82185D5C1947F579000074F2 /* TestAppTests.m */; };
/* End PBXBuildFile section */

/* Begin PBXContainerItemProxy section */
		82185D541947F579000074F2 /* PBXContainerItemProxy */ = {
			isa = PBXContainerItemProxy;
			containerPortal = 82185D1C1947F579000074F2 /* Project object */;
			proxyType = 1;
			remoteGlobalIDString = 82185D231947F579000074F2;
			remoteInfo = TestApp;
		};
/* End PBXContainerItemProxy section */

/* Begin PBXFileReference section */
		82185D241947F579000074F2 /* TestApp.app */ = {isa = PBXFileReference; explicitFileType = wrapper.application; includeInIndex = 0; path = TestApp.app; sourceTree = BUILT_PRODUCTS_DIR; };
		82185D271947F579000074F2 /* Foundation.framework */ = {isa = PBXFileReference; lastKnownFileType = wrapper.framework; name = Foundation.framework; path = System/Library/Frameworks/Foundation.framework; sourceTree = SDKROOT; };
		82185D291947F579000074F2 /* CoreGraphics.framework */ = {isa = PBXFileReference; lastKnownFileType = wrapper.framework; name = CoreGraphics.framework; path = System/Library/Frameworks/CoreGraphics.framework; sourceTree = SDKROOT; };
		82185D2B1947F579000074F2 /* UIKit.framework */ = {isa = PBXFileReference; lastKnownFileType = wrapper.framework; name = UIKit.framework; path = System/Library/Frameworks/UIKit.framework; sourceTree = SDKROOT; };
		82185D2D1947F579000074F2 /* SpriteKit.framework */ = {isa = PBXFileReference; lastKnownFileType = wrapper.framework; name = SpriteKit.framework; path = System/Library/Frameworks/SpriteKit.framework; sourceTree = SDKROOT; };
		82185D311947F579000074F2 /* TestApp-Info.plist */ = {isa = PBXFileReference; lastKnownFileType = text.plist.xml; path = "TestApp-Info.plist"; sourceTree = "<group>"; };
		82185D331947F579000074F2 /* en */ = {isa = PBXFileReference; lastKnownFileType = text.plist.strings; name = en; path = en.lproj/InfoPlist.strings; sourceTree = "<group>"; };
		82185D351947F579000074F2 /* main.m */ = {isa = PBXFileReference; lastKnownFileType = sourcecode.c.objc; path = main.m; sourceTree = "<group>"; };
		82185D371947F579000074F2 /* TestApp-Prefix.pch */ = {isa = PBXFileReference; lastKnownFileType = sourcecode.c.h; path = "TestApp-Prefix.pch"; sourceTree = "<group>"; };
		82185D381947F579000074F2 /* AppDelegate.h */ = {isa = PBXFileReference; lastKnownFileType = sourcecode.c.h; path = AppDelegate.h; sourceTree = "<group>"; };
		82185D391947F579000074F2 /* AppDelegate.m */ = {isa = PBXFileReference; lastKnownFileType = sourcecode.c.objc; path = AppDelegate.m; sourceTree = "<group>"; };
		82185D3C1947F579000074F2 /* Base */ = {isa = PBXFileReference; lastKnownFileType = file.storyboard; name = Base; path = Base.lproj/Main_iPhone.storyboard; sourceTree = "<group>"; };
		82185D3F1947F579000074F2 /* Base */ = {isa = PBXFileReference; lastKnownFileType = file.storyboard; name = Base; path = Base.lproj/Main_iPad.storyboard; sourceTree = "<group>"; };
		82185D411947F579000074F2 /* ViewController.h */ = {isa = PBXFileReference; lastKnownFileType = sourcecode.c.h; path = ViewController.h; sourceTree = "<group>"; };
		82185D421947F579000074F2 /* ViewController.m */ = {isa = PBXFileReference; lastKnownFileType = sourcecode.c.objc; path = ViewController.m; sourceTree = "<group>"; };
		82185D441947F579000074F2 /* MyScene.h */ = {isa = PBXFileReference; lastKnownFileType = sourcecode.c.h; path = MyScene.h; sourceTree = "<group>"; };
		82185D451947F579000074F2 /* MyScene.m */ = {isa = PBXFileReference; lastKnownFileType = sourcecode.c.objc; path = MyScene.m; sourceTree = "<group>"; };
		82185D471947F579000074F2 /* Spaceship.png */ = {isa = PBXFileReference; lastKnownFileType = image.png; path = Spaceship.png; sourceTree = "<group>"; };
		82185D491947F579000074F2 /* Images.xcassets */ = {isa = PBXFileReference; lastKnownFileType = folder.assetcatalog; path = Images.xcassets; sourceTree = "<group>"; };
		82185D4F1947F579000074F2 /* TestAppTests.xctest */ = {isa = PBXFileReference; explicitFileType = wrapper.cfbundle; includeInIndex = 0; path = TestAppTests.xctest; sourceTree = BUILT_PRODUCTS_DIR; };
		82185D501947F579000074F2 /* XCTest.framework */ = {isa = PBXFileReference; lastKnownFileType = wrapper.framework; name = XCTest.framework; path = Library/Frameworks/XCTest.framework; sourceTree = DEVELOPER_DIR; };
		82185D581947F579000074F2 /* TestAppTests-Info.plist */ = {isa = PBXFileReference; lastKnownFileType = text.plist.xml; path = "TestAppTests-Info.plist"; sourceTree = "<group>"; };
		82185D5A1947F579000074F2 /* en */ = {isa = PBXFileReference; lastKnownFileType = text.plist.strings; name = en; path = en.lproj/InfoPlist.strings; sourceTree = "<group>"; };
		82185D5C1947F579000074F2 /* TestAppTests.m */ = {isa = PBXFileReference; lastKnownFileType = sourcecode.c.objc; path = TestAppTests.m; sourceTree = "<group>"; };
/* End PBXFileReference section */

/* Begin PBXFrameworksBuildPhase section */
		82185D211947F579000074F2 /* Frameworks */ = {
			isa = PBXFrameworksBuildPhase;
			buildActionMask = 2147483647;
			files = (
				82185D2A1947F579000074F2 /* CoreGraphics.framework in Frameworks */,
				82185D2C1947F579000074F2 /* UIKit.framework in Frameworks */,
				82185D2E1947F579000074F2 /* SpriteKit.framework in Frameworks */,
				82185D281947F579000074F2 /* Foundation.framework in Frameworks */,
			);
			runOnlyForDeploymentPostprocessing = 0;
		};
		82185D4C1947F579000074F2 /* Frameworks */ = {
			isa = PBXFrameworksBuildPhase;
			buildActionMask = 2147483647;
			files = (
				82185D511947F579000074F2 /* XCTest.framework in Frameworks */,
				82185D531947F579000074F2 /* UIKit.framework in Frameworks */,
				82185D521947F579000074F2 /* Foundation.framework in Frameworks */,
			);
			runOnlyForDeploymentPostprocessing = 0;
		};
/* End PBXFrameworksBuildPhase section */

/* Begin PBXGroup section */
		82185D1B1947F579000074F2 = {
			isa = PBXGroup;
			children = (
				82185D2F1947F579000074F2 /* TestApp */,
				82185D561947F579000074F2 /* TestAppTests */,
				82185D261947F579000074F2 /* Frameworks */,
				82185D251947F579000074F2 /* Products */,
			);
			sourceTree = "<group>";
		};
		82185D251947F579000074F2 /* Products */ = {
			isa = PBXGroup;
			children = (
				82185D241947F579000074F2 /* TestApp.app */,
				82185D4F1947F579000074F2 /* TestAppTests.xctest */,
			);
			name = Products;
			sourceTree = "<group>";
		};
		82185D261947F579000074F2 /* Frameworks */ = {
			isa = PBXGroup;
			children = (
				82185D271947F579000074F2 /* Foundation.framework */,
				82185D291947F579000074F2 /* CoreGraphics.framework */,
				82185D2B1947F579000074F2 /* UIKit.framework */,
				82185D2D1947F579000074F2 /* SpriteKit.framework */,
				82185D501947F579000074F2 /* XCTest.framework */,
			);
			name = Frameworks;
			sourceTree = "<group>";
		};
		82185D2F1947F579000074F2 /* TestApp */ = {
			isa = PBXGroup;
			children = (
				82185D381947F579000074F2 /* AppDelegate.h */,
				82185D391947F579000074F2 /* AppDelegate.m */,
				82185D3B1947F579000074F2 /* Main_iPhone.storyboard */,
				82185D3E1947F579000074F2 /* Main_iPad.storyboard */,
				82185D411947F579000074F2 /* ViewController.h */,
				82185D421947F579000074F2 /* ViewController.m */,
				82185D441947F579000074F2 /* MyScene.h */,
				82185D451947F579000074F2 /* MyScene.m */,
				82185D471947F579000074F2 /* Spaceship.png */,
				82185D491947F579000074F2 /* Images.xcassets */,
				82185D301947F579000074F2 /* Supporting Files */,
			);
			path = TestApp;
			sourceTree = "<group>";
		};
		82185D301947F579000074F2 /* Supporting Files */ = {
			isa = PBXGroup;
			children = (
				82185D311947F579000074F2 /* TestApp-Info.plist */,
				82185D321947F579000074F2 /* InfoPlist.strings */,
				82185D351947F579000074F2 /* main.m */,
				82185D371947F579000074F2 /* TestApp-Prefix.pch */,
			);
			name = "Supporting Files";
			sourceTree = "<group>";
		};
		82185D561947F579000074F2 /* TestAppTests */ = {
			isa = PBXGroup;
			children = (
				82185D5C1947F579000074F2 /* TestAppTests.m */,
				82185D571947F579000074F2 /* Supporting Files */,
			);
			path = TestAppTests;
			sourceTree = "<group>";
		};
		82185D571947F579000074F2 /* Supporting Files */ = {
			isa = PBXGroup;
			children = (
				82185D581947F579000074F2 /* TestAppTests-Info.plist */,
				82185D591947F579000074F2 /* InfoPlist.strings */,
			);
			name = "Supporting Files";
			sourceTree = "<group>";
		};
/* End PBXGroup section */

/* Begin PBXNativeTarget section */
		82185D231947F579000074F2 /* TestApp */ = {
			isa = PBXNativeTarget;
			buildConfigurationList = 82185D601947F579000074F2 /* Build configuration list for PBXNativeTarget "TestApp" */;
			buildPhases = (
				82185D201947F579000074F2 /* Sources */,
				82185D211947F579000074F2 /* Frameworks */,
				82185D221947F579000074F2 /* Resources */,
			);
			buildRules = (
			);
			dependencies = (
			);
			name = TestApp;
			productName = TestApp;
			productReference = 82185D241947F579000074F2 /* TestApp.app */;
			productType = "com.apple.product-type.application";
		};
		82185D4E1947F579000074F2 /* TestAppTests */ = {
			isa = PBXNativeTarget;
			buildConfigurationList = 82185D631947F579000074F2 /* Build configuration list for PBXNativeTarget "TestAppTests" */;
			buildPhases = (
				82185D4B1947F579000074F2 /* Sources */,
				82185D4C1947F579000074F2 /* Frameworks */,
				82185D4D1947F579000074F2 /* Resources */,
			);
			buildRules = (
			);
			dependencies = (
				82185D551947F579000074F2 /* PBXTargetDependency */,
			);
			name = TestAppTests;
			productName = TestAppTests;
			productReference = 82185D4F1947F579000074F2 /* TestAppTests.xctest */;
			productType = "com.apple.product-type.bundle.unit-test";
		};
/* End PBXNativeTarget section */

/* Begin PBXProject section */
		82185D1C1947F579000074F2 /* Project object */ = {
			isa = PBXProject;
			attributes = {
				LastUpgradeCheck = 0510;
				ORGANIZATIONNAME = "Project Umbrella";
				TargetAttributes = {
					82185D4E1947F579000074F2 = {
						TestTargetID = 82185D231947F579000074F2;
					};
				};
			};
			buildConfigurationList = 82185D1F1947F579000074F2 /* Build configuration list for PBXProject "TestApp" */;
			compatibilityVersion = "Xcode 3.2";
			developmentRegion = English;
			hasScannedForEncodings = 0;
			knownRegions = (
				en,
				Base,
			);
			mainGroup = 82185D1B1947F579000074F2;
			productRefGroup = 82185D251947F579000074F2 /* Products */;
			projectDirPath = "";
			projectRoot = "";
			targets = (
				82185D231947F579000074F2 /* TestApp */,
				82185D4E1947F579000074F2 /* TestAppTests */,
			);
		};
/* End PBXProject section */

/* Begin PBXResourcesBuildPhase section */
		82185D221947F579000074F2 /* Resources */ = {
			isa = PBXResourcesBuildPhase;
			buildActionMask = 2147483647;
			files = (
				82185D481947F579000074F2 /* Spaceship.png in Resources */,
				82185D4A1947F579000074F2 /* Images.xcassets in Resources */,
				82185D401947F579000074F2 /* Main_iPad.storyboard in Resources */,
				82185D3D1947F579000074F2 /* Main_iPhone.storyboard in Resources */,
				82185D341947F579000074F2 /* InfoPlist.strings in Resources */,
			);
			runOnlyForDeploymentPostprocessing = 0;
		};
		82185D4D1947F579000074F2 /* Resources */ = {
			isa = PBXResourcesBuildPhase;
			buildActionMask = 2147483647;
			files = (
				82185D5B1947F579000074F2 /* InfoPlist.strings in Resources */,
			);
			runOnlyForDeploymentPostprocessing = 0;
		};
/* End PBXResourcesBuildPhase section */

/* Begin PBXSourcesBuildPhase section */
		82185D201947F579000074F2 /* Sources */ = {
			isa = PBXSourcesBuildPhase;
			buildActionMask = 2147483647;
			files = (
				82185D461947F579000074F2 /* MyScene.m in Sources */,
				82185D431947F579000074F2 /* ViewController.m in Sources */,
				82185D3A1947F579000074F2 /* AppDelegate.m in Sources */,
				82185D361947F579000074F2 /* main.m in Sources */,
			);
			runOnlyForDeploymentPostprocessing = 0;
		};
		82185D4B1947F579000074F2 /* Sources */ = {
			isa = PBXSourcesBuildPhase;
			buildActionMask = 2147483647;
			files = (
				82185D5D1947F579000074F2 /* TestAppTests.m in Sources */,
			);
			runOnlyForDeploymentPostprocessing = 0;
		};
/* End PBXSourcesBuildPhase section */

/* Begin PBXTargetDependency section */
		82185D551947F579000074F2 /* PBXTargetDependency */ = {
			isa = PBXTargetDependency;
			target = 82185D231947F579000074F2 /* TestApp */;
			targetProxy = 82185D541947F579000074F2 /* PBXContainerItemProxy */;
		};
/* End PBXTargetDependency section */

/* Begin PBXVariantGroup section */
		82185D321947F579000074F2 /* InfoPlist.strings */ = {
			isa = PBXVariantGroup;
			children = (
				82185D331947F579000074F2 /* en */,
			);
			name = InfoPlist.strings;
			sourceTree = "<group>";
		};
		82185D3B1947F579000074F2 /* Main_iPhone.storyboard */ = {
			isa = PBXVariantGroup;
			children = (
				82185D3C1947F579000074F2 /* Base */,
			);
			name = Main_iPhone.storyboard;
			sourceTree = "<group>";
		};
		82185D3E1947F579000074F2 /* Main_iPad.storyboard */ = {
			isa = PBXVariantGroup;
			children = (
				82185D3F1947F579000074F2 /* Base */,
			);
			name = Main_iPad.storyboard;
			sourceTree = "<group>";
		};
		82185D591947F579000074F2 /* InfoPlist.strings */ = {
			isa = PBXVariantGroup;
			children = (
				82185D5A1947F579000074F2 /* en */,
			);
			name = InfoPlist.strings;
			sourceTree = "<group>";
		};
/* End PBXVariantGroup section */

/* Begin XCBuildConfiguration section */
		82185D5E1947F579000074F2 /* Debug */ = {
			isa = XCBuildConfiguration;
			buildSettings = {
				ALWAYS_SEARCH_USER_PATHS = NO;
				CLANG_CXX_LANGUAGE_STANDARD = "gnu++0x";
				CLANG_CXX_LIBRARY = "libc++";
				CLANG_ENABLE_MODULES = YES;
				CLANG_ENABLE_OBJC_ARC = YES;
				CLANG_WARN_BOOL_CONVERSION = YES;
				CLANG_WARN_CONSTANT_CONVERSION = YES;
				CLANG_WARN_DIRECT_OBJC_ISA_USAGE = YES_ERROR;
				CLANG_WARN_EMPTY_BODY = YES;
				CLANG_WARN_ENUM_CONVERSION = YES;
				CLANG_WARN_INT_CONVERSION = YES;
				CLANG_WARN_OBJC_ROOT_CLASS = YES_ERROR;
				CLANG_WARN__DUPLICATE_METHOD_MATCH = YES;
				"CODE_SIGN_IDENTITY[sdk=iphoneos*]" = "iPhone Developer";
				COPY_PHASE_STRIP = NO;
				GCC_C_LANGUAGE_STANDARD = gnu99;
				GCC_DYNAMIC_NO_PIC = NO;
				GCC_OPTIMIZATION_LEVEL = 0;
				GCC_PREPROCESSOR_DEFINITIONS = (
					"DEBUG=1",
					"$(inherited)",
				);
				GCC_SYMBOLS_PRIVATE_EXTERN = NO;
				GCC_WARN_64_TO_32_BIT_CONVERSION = YES;
				GCC_WARN_ABOUT_RETURN_TYPE = YES_ERROR;
				GCC_WARN_UNDECLARED_SELECTOR = YES;
				GCC_WARN_UNINITIALIZED_AUTOS = YES_AGGRESSIVE;
				GCC_WARN_UNUSED_FUNCTION = YES;
				GCC_WARN_UNUSED_VARIABLE = YES;
				IPHONEOS_DEPLOYMENT_TARGET = 7.1;
				ONLY_ACTIVE_ARCH = YES;
				SDKROOT = iphoneos;
				TARGETED_DEVICE_FAMILY = "1,2";
			};
			name = Debug;
		};
		82185D5F1947F579000074F2 /* Release */ = {
			isa = XCBuildConfiguration;
			buildSettings = {
				ALWAYS_SEARCH_USER_PATHS = NO;
				CLANG_CXX_LANGUAGE_STANDARD = "gnu++0x";
				CLANG_CXX_LIBRARY = "libc++";
				CLANG_ENABLE_MODULES = YES;
				CLANG_ENABLE_OBJC_ARC = YES;
				CLANG_WARN_BOOL_CONVERSION = YES;
				CLANG_WARN_CONSTANT_CONVERSION = YES;
				CLANG_WARN_DIRECT_OBJC_ISA_USAGE = YES_ERROR;
				CLANG_WARN_EMPTY_BODY = YES;
				CLANG_WARN_ENUM_CONVERSION = YES;
				CLANG_WARN_INT_CONVERSION = YES;
				CLANG_WARN_OBJC_ROOT_CLASS = YES_ERROR;
				CLANG_WARN__DUPLICATE_METHOD_MATCH = YES;
				"CODE_SIGN_IDENTITY[sdk=iphoneos*]" = "iPhone Developer";
				COPY_PHASE_STRIP = YES;
				ENABLE_NS_ASSERTIONS = NO;
				GCC_C_LANGUAGE_STANDARD = gnu99;
				GCC_WARN_64_TO_32_BIT_CONVERSION = YES;
				GCC_WARN_ABOUT_RETURN_TYPE = YES_ERROR;
				GCC_WARN_UNDECLARED_SELECTOR = YES;
				GCC_WARN_UNINITIALIZED_AUTOS = YES_AGGRESSIVE;
				GCC_WARN_UNUSED_FUNCTION = YES;
				GCC_WARN_UNUSED_VARIABLE = YES;
				IPHONEOS_DEPLOYMENT_TARGET = 7.1;
				SDKROOT = iphoneos;
				TARGETED_DEVICE_FAMILY = "1,2";
				VALIDATE_PRODUCT = YES;
			};
			name = Release;
		};
		82185D611947F579000074F2 /* Debug */ = {
			isa = XCBuildConfiguration;
			buildSettings = {
				ASSETCATALOG_COMPILER_APPICON_NAME = AppIcon;
				ASSETCATALOG_COMPILER_LAUNCHIMAGE_NAME = LaunchImage;
				GCC_PRECOMPILE_PREFIX_HEADER = YES;
				GCC_PREFIX_HEADER = "TestApp/TestApp-Prefix.pch";
				INFOPLIST_FILE = "TestApp/TestApp-Info.plist";
				PRODUCT_NAME = "$(TARGET_NAME)";
				SPRITEKIT_TEXTURE_ATLAS_OUTPUT = YES;
				WRAPPER_EXTENSION = app;
			};
			name = Debug;
		};
		82185D621947F579000074F2 /* Release */ = {
			isa = XCBuildConfiguration;
			buildSettings = {
				ASSETCATALOG_COMPILER_APPICON_NAME = AppIcon;
				ASSETCATALOG_COMPILER_LAUNCHIMAGE_NAME = LaunchImage;
				GCC_PRECOMPILE_PREFIX_HEADER = YES;
				GCC_PREFIX_HEADER = "TestApp/TestApp-Prefix.pch";
				INFOPLIST_FILE = "TestApp/TestApp-Info.plist";
				PRODUCT_NAME = "$(TARGET_NAME)";
				SPRITEKIT_TEXTURE_ATLAS_OUTPUT = YES;
				WRAPPER_EXTENSION = app;
			};
			name = Release;
		};
		82185D641947F579000074F2 /* Debug */ = {
			isa = XCBuildConfiguration;
			buildSettings = {
				BUNDLE_LOADER = "$(BUILT_PRODUCTS_DIR)/TestApp.app/TestApp";
				FRAMEWORK_SEARCH_PATHS = (
					"$(SDKROOT)/Developer/Library/Frameworks",
					"$(inherited)",
					"$(DEVELOPER_FRAMEWORKS_DIR)",
				);
				GCC_PRECOMPILE_PREFIX_HEADER = YES;
				GCC_PREFIX_HEADER = "TestApp/TestApp-Prefix.pch";
				GCC_PREPROCESSOR_DEFINITIONS = (
					"DEBUG=1",
					"$(inherited)",
				);
				INFOPLIST_FILE = "TestAppTests/TestAppTests-Info.plist";
				PRODUCT_NAME = "$(TARGET_NAME)";
				TEST_HOST = "$(BUNDLE_LOADER)";
				WRAPPER_EXTENSION = xctest;
			};
			name = Debug;
		};
		82185D651947F579000074F2 /* Release */ = {
			isa = XCBuildConfiguration;
			buildSettings = {
				BUNDLE_LOADER = "$(BUILT_PRODUCTS_DIR)/TestApp.app/TestApp";
				FRAMEWORK_SEARCH_PATHS = (
					"$(SDKROOT)/Developer/Library/Frameworks",
					"$(inherited)",
					"$(DEVELOPER_FRAMEWORKS_DIR)",
				);
				GCC_PRECOMPILE_PREFIX_HEADER = YES;
				GCC_PREFIX_HEADER = "TestApp/TestApp-Prefix.pch";
				INFOPLIST_FILE = "TestAppTests/TestAppTests-Info.plist";
				PRODUCT_NAME = "$(TARGET_NAME)";
				TEST_HOST = "$(BUNDLE_LOADER)";
				WRAPPER_EXTENSION = xctest;
			};
			name = Release;
		};
/* End XCBuildConfiguration section */

/* Begin XCConfigurationList section */
		82185D1F1947F579000074F2 /* Build configuration list for PBXProject "TestApp" */ = {
			isa = XCConfigurationList;
			buildConfigurations = (
				82185D5E1947F579000074F2 /* Debug */,
				82185D5F1947F579000074F2 /* Release */,
			);
			defaultConfigurationIsVisible = 0;
			defaultConfigurationName = Release;
		};
		82185D601947F579000074F2 /* Build configuration list for PBXNativeTarget "TestApp" */ = {
			isa = XCConfigurationList;
			buildConfigurations = (
				82185D611947F579000074F2 /* Debug */,
				82185D621947F579000074F2 /* Release */,
			);
			defaultConfigurationIsVisible = 0;
		};
		82185D631947F579000074F2 /* Build configuration list for PBXNativeTarget "TestAppTests" */ = {
			isa = XCConfigurationList;
			buildConfigurations = (
				82185D641947F579000074F2 /* Debug */,
				82185D651947F579000074F2 /* Release */,
			);
			defaultConfigurationIsVisible = 0;
		};
/* End XCConfigurationList section */
	};
	rootObject = 82185D1C1947F579000074F2 /* Project object */;
}
